
Microsoft Visual Studio Solution File, Format Version 11.00
# Visual Studio 2010
Project("{FAE04EC0-301F-11D3-BF4B-00C04F79EFBC}") = "MeYoung", "MeYoung\MeYoung.csproj", "{46D291AD-D4DB-48E8-AAED-32236EB8DCBE}"
EndProject
Project("{FAE04EC0-301F-11D3-BF4B-00C04F79EFBC}") = "Common", "Common\Common.csproj", "{1E93FAA5-F845-42AD-88B7-55F0BF856588}"
EndProject
Project("{FAE04EC0-301F-11D3-BF4B-00C04F79EFBC}") = "SqlHelp", "SqlHelp\SqlHelp.csproj", "{02BF9753-AD2F-453C-A437-A6A6F7020509}"
EndProject
Project("{FAE04EC0-301F-11D3-BF4B-00C04F79EFBC}") = "Wuqi.Webdiyer.AspNetPager", "Wuqi.Webdiyer.AspNetPager\Wuqi.Webdiyer.AspNetPager.csproj", "{F6D7BE3E-672F-427D-87F0-2F4573BF82FE}"
EndProject
Project("{FAE04EC0-301F-11D3-BF4B-00C04F79EFBC}") = "MeYoung.Model", "MeYoung.Model\MeYoung.Model.csproj", "{3CA521B8-A65C-4006-BDB5-CC7416580FA3}"
EndProject
Project("{FAE04EC0-301F-11D3-BF4B-00C04F79EFBC}") = "MeYoung.DAL", "MeYoung.DAL\MeYoung.DAL.csproj", "{D3C9DD8B-37FA-4CAB-A997-028BE7354CFB}"
EndProject
Project("{FAE04EC0-301F-11D3-BF4B-00C04F79EFBC}") = "MeYoung.IDAL", "MeYoung.IDAL\MeYoung.IDAL.csproj", "{B8C23703-9B3F-4F7A-9F85-3269FCF45B3F}"
EndProject
Project("{FAE04EC0-301F-11D3-BF4B-00C04F79EFBC}") = "MeYoung.BLL", "MeYoung.BLL\MeYoung.BLL.csproj", "{024AFAF5-8996-4C10-8C7D-026C29CBF384}"
EndProject
Global
	GlobalSection(SolutionConfigurationPlatforms) = preSolution
		Debug|Any CPU = Debug|Any CPU
		Release|Any CPU = Release|Any CPU
	EndGlobalSection
	GlobalSection(ProjectConfigurationPlatforms) = postSolution
		{46D291AD-D4DB-48E8-AAED-32236EB8DCBE}.Debug|Any CPU.ActiveCfg = Debug|Any CPU
		{46D291AD-D4DB-48E8-AAED-32236EB8DCBE}.Debug|Any CPU.Build.0 = Debug|Any CPU
		{46D291AD-D4DB-48E8-AAED-32236EB8DCBE}.Release|Any CPU.ActiveCfg = Release|Any CPU
		{46D291AD-D4DB-48E8-AAED-32236EB8DCBE}.Release|Any CPU.Build.0 = Release|Any CPU
		{1E93FAA5-F845-42AD-88B7-55F0BF856588}.Debug|Any CPU.ActiveCfg = Debug|Any CPU
		{1E93FAA5-F845-42AD-88B7-55F0BF856588}.Debug|Any CPU.Build.0 = Debug|Any CPU
		{1E93FAA5-F845-42AD-88B7-55F0BF856588}.Release|Any CPU.ActiveCfg = Release|Any CPU
		{1E93FAA5-F845-42AD-88B7-55F0BF856588}.Release|Any CPU.Build.0 = Release|Any CPU
		{02BF9753-AD2F-453C-A437-A6A6F7020509}.Debug|Any CPU.ActiveCfg = Debug|Any CPU
		{02BF9753-AD2F-453C-A437-A6A6F7020509}.Debug|Any CPU.Build.0 = Debug|Any CPU
		{02BF9753-AD2F-453C-A437-A6A6F7020509}.Release|Any CPU.ActiveCfg = Release|Any CPU
		{02BF9753-AD2F-453C-A437-A6A6F7020509}.Release|Any CPU.Build.0 = Release|Any CPU
		{F6D7BE3E-672F-427D-87F0-2F4573BF82FE}.Debug|Any CPU.ActiveCfg = Debug|Any CPU
		{F6D7BE3E-672F-427D-87F0-2F4573BF82FE}.Debug|Any CPU.Build.0 = Debug|Any CPU
		{F6D7BE3E-672F-427D-87F0-2F4573BF82FE}.Release|Any CPU.ActiveCfg = Release|Any CPU
		{F6D7BE3E-672F-427D-87F0-2F4573BF82FE}.Release|Any CPU.Build.0 = Release|Any CPU
		{3CA521B8-A65C-4006-BDB5-CC7416580FA3}.Debug|Any CPU.ActiveCfg = Debug|Any CPU
		{3CA521B8-A65C-4006-BDB5-CC7416580FA3}.Debug|Any CPU.Build.0 = Debug|Any CPU
		{3CA521B8-A65C-4006-BDB5-CC7416580FA3}.Release|Any CPU.ActiveCfg = Release|Any CPU
		{3CA521B8-A65C-4006-BDB5-CC7416580FA3}.Release|Any CPU.Build.0 = Release|Any CPU
		{D3C9DD8B-37FA-4CAB-A997-028BE7354CFB}.Debug|Any CPU.ActiveCfg = Debug|Any CPU
		{D3C9DD8B-37FA-4CAB-A997-028BE7354CFB}.Debug|Any CPU.Build.0 = Debug|Any CPU
		{D3C9DD8B-37FA-4CAB-A997-028BE7354CFB}.Release|Any CPU.ActiveCfg = Release|Any CPU
		{D3C9DD8B-37FA-4CAB-A997-028BE7354CFB}.Release|Any CPU.Build.0 = Release|Any CPU
		{B8C23703-9B3F-4F7A-9F85-3269FCF45B3F}.Debug|Any CPU.ActiveCfg = Debug|Any CPU
		{B8C23703-9B3F-4F7A-9F85-3269FCF45B3F}.Debug|Any CPU.Build.0 = Debug|Any CPU
		{B8C23703-9B3F-4F7A-9F85-3269FCF45B3F}.Release|Any CPU.ActiveCfg = Release|Any CPU
		{B8C23703-9B3F-4F7A-9F85-3269FCF45B3F}.Release|Any CPU.Build.0 = Release|Any CPU
		{024AFAF5-8996-4C10-8C7D-026C29CBF384}.Debug|Any CPU.ActiveCfg = Debug|Any CPU
		{024AFAF5-8996-4C10-8C7D-026C29CBF384}.Debug|Any CPU.Build.0 = Debug|Any CPU
		{024AFAF5-8996-4C10-8C7D-026C29CBF384}.Release|Any CPU.ActiveCfg = Release|Any CPU
		{024AFAF5-8996-4C10-8C7D-026C29CBF384}.Release|Any CPU.Build.0 = Release|Any CPU
	EndGlobalSection
	GlobalSection(SolutionProperties) = preSolution
		HideSolutionNode = FALSE
	EndGlobalSection
EndGlobal
